// !$*UTF8*$!
{
	archiveVersion = 1;
	classes = {
	};
	objectVersion = 46;
	objects = {

/* Begin PBXBuildFile section */
		58207C111D41F0B70026DB86 /* YYTest.h in Headers */ = {isa = PBXBuildFile; fileRef = 58207C101D41F0B70026DB86 /* YYTest.h */; settings = {ATTRIBUTES = (Public, ); }; };
		58207C1A1D41F0DA0026DB86 /* YYTool.h in Headers */ = {isa = PBXBuildFile; fileRef = 58207C181D41F0DA0026DB86 /* YYTool.h */; settings = {ATTRIBUTES = (Public, ); }; };
		58207C1B1D41F0DA0026DB86 /* YYTool.m in Sources */ = {isa = PBXBuildFile; fileRef = 58207C191D41F0DA0026DB86 /* YYTool.m */; };
/* End PBXBuildFile section */

/* Begin PBXFileReference section */
		58207C0D1D41F0B60026DB86 /* YYTest.framework */ = {isa = PBXFileReference; explicitFileType = wrapper.framework; includeInIndex = 0; path = YYTest.framework; sourceTree = BUILT_PRODUCTS_DIR; };
		58207C101D41F0B70026DB86 /* YYTest.h */ = {isa = PBXFileReference; lastKnownFileType = sourcecode.c.h; path = YYTest.h; sourceTree = "<group>"; };
		58207C121D41F0B70026DB86 /* Info.plist */ = {isa = PBXFileReference; lastKnownFileType = text.plist.xml; path = Info.plist; sourceTree = "<group>"; };
		58207C181D41F0DA0026DB86 /* YYTool.h */ = {isa = PBXFileReference; fileEncoding = 4; lastKnownFileType = sourcecode.c.h; path = YYTool.h; sourceTree = "<group>"; };
		58207C191D41F0DA0026DB86 /* YYTool.m */ = {isa = PBXFileReference; fileEncoding = 4; lastKnownFileType = sourcecode.c.objc; path = YYTool.m; sourceTree = "<group>"; };
/* End PBXFileReference section */

/* Begin PBXFrameworksBuildPhase section */
		58207C091D41F0B60026DB86 /* Frameworks */ = {
			isa = PBXFrameworksBuildPhase;
			buildActionMask = 2147483647;
			files = (
			);
			runOnlyForDeploymentPostprocessing = 0;
		};
/* End PBXFrameworksBuildPhase section */

/* Begin PBXGroup section */
		58207C031D41F0B60026DB86 = {
			isa = PBXGroup;
			children = (
				58207C0F1D41F0B70026DB86 /* YYTest */,
				58207C0E1D41F0B60026DB86 /* Products */,
			);
			sourceTree = "<group>";
		};
		58207C0E1D41F0B60026DB86 /* Products */ = {
			isa = PBXGroup;
			children = (
				58207C0D1D41F0B60026DB86 /* YYTest.framework */,
			);
			name = Products;
			sourceTree = "<group>";
		};
		58207C0F1D41F0B70026DB86 /* YYTest */ = {
			isa = PBXGroup;
			children = (
				58207C101D41F0B70026DB86 /* YYTest.h */,
				58207C121D41F0B70026DB86 /* Info.plist */,
				58207C181D41F0DA0026DB86 /* YYTool.h */,
				58207C191D41F0DA0026DB86 /* YYTool.m */,
			);
			path = YYTest;
			sourceTree = "<group>";
		};
/* End PBXGroup section */

/* Begin PBXHeadersBuildPhase section */
		58207C0A1D41F0B60026DB86 /* Headers */ = {
			isa = PBXHeadersBuildPhase;
			buildActionMask = 2147483647;
			files = (
				58207C1A1D41F0DA0026DB86 /* YYTool.h in Headers */,
				58207C111D41F0B70026DB86 /* YYTest.h in Headers */,
			);
			runOnlyForDeploymentPostprocessing = 0;
		};
/* End PBXHeadersBuildPhase section */

/* Begin PBXNativeTarget section */
		58207C0C1D41F0B60026DB86 /* YYTest */ = {
			isa = PBXNativeTarget;
			buildConfigurationList = 58207C151D41F0B70026DB86 /* Build configuration list for PBXNativeTarget "YYTest" */;
			buildPhases = (
				58207C081D41F0B60026DB86 /* Sources */,
				58207C091D41F0B60026DB86 /* Frameworks */,
				58207C0A1D41F0B60026DB86 /* Headers */,
				58207C0B1D41F0B60026DB86 /* Resources */,
			);
			buildRules = (
			);
			dependencies = (
			);
			name = YYTest;
			productName = YYTest;
			productReference = 58207C0D1D41F0B60026DB86 /* YYTest.framework */;
			productType = "com.apple.product-type.framework";
		};
/* End PBXNativeTarget section */

/* Begin PBXProject section */
		58207C041D41F0B60026DB86 /* Project object */ = {
			isa = PBXProject;
			attributes = {
				LastUpgradeCheck = 0730;
				ORGANIZATIONNAME = Scarlett;
				TargetAttributes = {
					58207C0C1D41F0B60026DB86 = {
						CreatedOnToolsVersion = 7.3.1;
					};
				};
			};
			buildConfigurationList = 58207C071D41F0B60026DB86 /* Build configuration list for PBXProject "YYTest" */;
			compatibilityVersion = "Xcode 3.2";
			developmentRegion = English;
			hasScannedForEncodings = 0;
			knownRegions = (
				en,
			);
			mainGroup = 58207C031D41F0B60026DB86;
			productRefGroup = 58207C0E1D41F0B60026DB86 /* Products */;
			projectDirPath = "";
			projectRoot = "";
			targets = (
				58207C0C1D41F0B60026DB86 /* YYTest */,
			);
		};
/* End PBXProject section */

/* Begin PBXResourcesBuildPhase section */
		58207C0B1D41F0B60026DB86 /* Resources */ = {
			isa = PBXResourcesBuildPhase;
			buildActionMask = 2147483647;
			files = (
			);
			runOnlyForDeploymentPostprocessing = 0;
		};
/* End PBXResourcesBuildPhase section */

/* Begin PBXSourcesBuildPhase section */
		58207C081D41F0B60026DB86 /* Sources */ = {
			isa = PBXSourcesBuildPhase;
			buildActionMask = 2147483647;
			files = (
				58207C1B1D41F0DA0026DB86 /* YYTool.m in Sources */,
			);
			runOnlyForDeploymentPostprocessing = 0;
		};
/* End PBXSourcesBuildPhase section */

/* Begin XCBuildConfiguration section */
		58207C131D41F0B70026DB86 /* Debug */ = {
			isa = XCBuildConfiguration;
			buildSettings = {
				ALWAYS_SEARCH_USER_PATHS = NO;
				CLANG_ANALYZER_NONNULL = YES;
				CLANG_CXX_LANGUAGE_STANDARD = "gnu++0x";
				CLANG_CXX_LIBRARY = "libc++";
				CLANG_ENABLE_MODULES = YES;
				CLANG_ENABLE_OBJC_ARC = YES;
				CLANG_WARN_BOOL_CONVERSION = YES;
				CLANG_WARN_CONSTANT_CONVERSION = YES;
				CLANG_WARN_DIRECT_OBJC_ISA_USAGE = YES_ERROR;
				CLANG_WARN_EMPTY_BODY = YES;
				CLANG_WARN_ENUM_CONVERSION = YES;
				CLANG_WARN_INT_CONVERSION = YES;
				CLANG_WARN_OBJC_ROOT_CLASS = YES_ERROR;
				CLANG_WARN_UNREACHABLE_CODE = YES;
				CLANG_WARN__DUPLICATE_METHOD_MATCH = YES;
				"CODE_SIGN_IDENTITY[sdk=iphoneos*]" = "iPhone Developer";
				COPY_PHASE_STRIP = NO;
				CURRENT_PROJECT_VERSION = 1;
				DEBUG_INFORMATION_FORMAT = dwarf;
				ENABLE_STRICT_OBJC_MSGSEND = YES;
				ENABLE_TESTABILITY = YES;
				GCC_C_LANGUAGE_STANDARD = gnu99;
				GCC_DYNAMIC_NO_PIC = NO;
				GCC_NO_COMMON_BLOCKS = YES;
				GCC_OPTIMIZATION_LEVEL = 0;
				GCC_PREPROCESSOR_DEFINITIONS = (
					"DEBUG=1",
					"$(inherited)",
				);
				GCC_WARN_64_TO_32_BIT_CONVERSION = YES;
				GCC_WARN_ABOUT_RETURN_TYPE = YES_ERROR;
				GCC_WARN_UNDECLARED_SELECTOR = YES;
				GCC_WARN_UNINITIALIZED_AUTOS = YES_AGGRESSIVE;
				GCC_WARN_UNUSED_FUNCTION = YES;
				GCC_WARN_UNUSED_VARIABLE = YES;
				IPHONEOS_DEPLOYMENT_TARGET = 9.3;
				MTL_ENABLE_DEBUG_INFO = YES;
				ONLY_ACTIVE_ARCH = NO;
				SDKROOT = iphoneos;
				TARGETED_DEVICE_FAMILY = "1,2";
				VERSIONING_SYSTEM = "apple-generic";
				VERSION_INFO_PREFIX = "";
			};
			name = Debug;
		};
		58207C141D41F0B70026DB86 /* Release */ = {
			isa = XCBuildConfiguration;
			buildSettings = {
				ALWAYS_SEARCH_USER_PATHS = NO;
				CLANG_ANALYZER_NONNULL = YES;
				CLANG_CXX_LANGUAGE_STANDARD = "gnu++0x";
				CLANG_CXX_LIBRARY = "libc++";
				CLANG_ENABLE_MODULES = YES;
				CLANG_ENABLE_OBJC_ARC = YES;
				CLANG_WARN_BOOL_CONVERSION = YES;
				CLANG_WARN_CONSTANT_CONVERSION = YES;
				CLANG_WARN_DIRECT_OBJC_ISA_USAGE = YES_ERROR;
				CLANG_WARN_EMPTY_BODY = YES;
				CLANG_WARN_ENUM_CONVERSION = YES;
				CLANG_WARN_INT_CONVERSION = YES;
				CLANG_WARN_OBJC_ROOT_CLASS = YES_ERROR;
				CLANG_WARN_UNREACHABLE_CODE = YES;
				CLANG_WARN__DUPLICATE_METHOD_MATCH = YES;
				"CODE_SIGN_IDENTITY[sdk=iphoneos*]" = "iPhone Developer";
				COPY_PHASE_STRIP = NO;
				CURRENT_PROJECT_VERSION = 1;
				DEBUG_INFORMATION_FORMAT = "dwarf-with-dsym";
				ENABLE_NS_ASSERTIONS = NO;
				ENABLE_STRICT_OBJC_MSGSEND = YES;
				GCC_C_LANGUAGE_STANDARD = gnu99;
				GCC_NO_COMMON_BLOCKS = YES;
				GCC_WARN_64_TO_32_BIT_CONVERSION = YES;
				GCC_WARN_ABOUT_RETURN_TYPE = YES_ERROR;
				GCC_WARN_UNDECLARED_SELECTOR = YES;
				GCC_WARN_UNINITIALIZED_AUTOS = YES_AGGRESSIVE;
				GCC_WARN_UNUSED_FUNCTION = YES;
				GCC_WARN_UNUSED_VARIABLE = YES;
				IPHONEOS_DEPLOYMENT_TARGET = 9.3;
				MTL_ENABLE_DEBUG_INFO = NO;
				SDKROOT = iphoneos;
				TARGETED_DEVICE_FAMILY = "1,2";
				VALIDATE_PRODUCT = YES;
				VERSIONING_SYSTEM = "apple-generic";
				VERSION_INFO_PREFIX = "";
			};
			name = Release;
		};
		58207C161D41F0B70026DB86 /* Debug */ = {
			isa = XCBuildConfiguration;
			buildSettings = {
				DEFINES_MODULE = YES;
				DYLIB_COMPATIBILITY_VERSION = 1;
				DYLIB_CURRENT_VERSION = 1;
				DYLIB_INSTALL_NAME_BASE = "@rpath";
				INFOPLIST_FILE = YYTest/Info.plist;
				INSTALL_PATH = "$(LOCAL_LIBRARY_DIR)/Frameworks";
				LD_RUNPATH_SEARCH_PATHS = "$(inherited) @executable_path/Frameworks @loader_path/Frameworks";
				MACH_O_TYPE = staticlib;
				PRODUCT_BUNDLE_IDENTIFIER = qiniu.YYTest;
				PRODUCT_NAME = "$(TARGET_NAME)";
				SKIP_INSTALL = YES;
			};
			name = Debug;
		};
		58207C171D41F0B70026DB86 /* Release */ = {
			isa = XCBuildConfiguration;
			buildSettings = {
				DEFINES_MODULE = YES;
				DYLIB_COMPATIBILITY_VERSION = 1;
				DYLIB_CURRENT_VERSION = 1;
				DYLIB_INSTALL_NAME_BASE = "@rpath";
				INFOPLIST_FILE = YYTest/Info.plist;
				INSTALL_PATH = "$(LOCAL_LIBRARY_DIR)/Frameworks";
				LD_RUNPATH_SEARCH_PATHS = "$(inherited) @executable_path/Frameworks @loader_path/Frameworks";
				MACH_O_TYPE = staticlib;
				PRODUCT_BUNDLE_IDENTIFIER = qiniu.YYTest;
				PRODUCT_NAME = "$(TARGET_NAME)";
				SKIP_INSTALL = YES;
			};
			name = Release;
		};
/* End XCBuildConfiguration section */

/* Begin XCConfigurationList section */
		58207C071D41F0B60026DB86 /* Build configuration list for PBXProject "YYTest" */ = {
			isa = XCConfigurationList;
			buildConfigurations = (
				58207C131D41F0B70026DB86 /* Debug */,
				58207C141D41F0B70026DB86 /* Release */,
			);
			defaultConfigurationIsVisible = 0;
			defaultConfigurationName = Release;
		};
		58207C151D41F0B70026DB86 /* Build configuration list for PBXNativeTarget "YYTest" */ = {
			isa = XCConfigurationList;
			buildConfigurations = (
				58207C161D41F0B70026DB86 /* Debug */,
				58207C171D41F0B70026DB86 /* Release */,
			);
			defaultConfigurationIsVisible = 0;
		};
/* End XCConfigurationList section */
	};
	rootObject = 58207C041D41F0B60026DB86 /* Project object */;
}
